
Microsoft Visual Studio Solution File, Format Version 12.00
# Visual Studio Version 16
VisualStudioVersion = 16.0.29102.190
MinimumVisualStudioVersion = 10.0.40219.1
Project("{8BC9CEB8-8B4A-11D0-8D11-00A0C91BC942}") = "SoundLib", "SoundLib.vcxproj", "{71E1F728-8D70-4ED3-9577-630B8D59184F}"
EndProject
Global
	GlobalSection(SolutionConfigurationPlatforms) = preSolution
		Debug|Win32 = Debug|Win32
		Release|Win32 = Release|Win32
	EndGlobalSection
	GlobalSection(ProjectConfigurationPlatforms) = postSolution
		{71E1F728-8D70-4ED3-9577-630B8D59184F}.Debug|Win32.ActiveCfg = Debug|Win32
		{71E1F728-8D70-4ED3-9577-630B8D59184F}.Debug|Win32.Build.0 = Debug|Win32
		{71E1F728-8D70-4ED3-9577-630B8D59184F}.Release|Win32.ActiveCfg = Release|Win32
		{71E1F728-8D70-4ED3-9577-630B8D59184F}.Release|Win32.Build.0 = Release|Win32
	EndGlobalSection
	GlobalSection(SolutionProperties) = preSolution
		HideSolutionNode = FALSE
	EndGlobalSection
	GlobalSection(ExtensibilityGlobals) = postSolution
		SolutionGuid = {F97632CA-2B23-4D47-B748-92FB36540CC5}
	EndGlobalSection
EndGlobal
