
Microsoft Visual Studio Solution File, Format Version 10.00
# Visual C++ Express 2008
Project("{8BC9CEB8-8B4A-11D0-8D11-00A0C91BC942}") = "BaseVector", "BaseVector.vcproj", "{63FF97E8-92B7-4F14-A97E-5941CDA5892B}"
EndProject
Global
	GlobalSection(SolutionConfigurationPlatforms) = preSolution
		Debug|Win32 = Debug|Win32
		Release|Win32 = Release|Win32
	EndGlobalSection
	GlobalSection(ProjectConfigurationPlatforms) = postSolution
		{63FF97E8-92B7-4F14-A97E-5941CDA5892B}.Debug|Win32.ActiveCfg = Debug|Win32
		{63FF97E8-92B7-4F14-A97E-5941CDA5892B}.Debug|Win32.Build.0 = Debug|Win32
		{63FF97E8-92B7-4F14-A97E-5941CDA5892B}.Release|Win32.ActiveCfg = Release|Win32
		{63FF97E8-92B7-4F14-A97E-5941CDA5892B}.Release|Win32.Build.0 = Release|Win32
	EndGlobalSection
	GlobalSection(SolutionProperties) = preSolution
		HideSolutionNode = FALSE
	EndGlobalSection
EndGlobal
