
Microsoft Visual Studio Solution File, Format Version 10.00
# Visual C++ Express 2008
Project("{8BC9CEB8-8B4A-11D0-8D11-00A0C91BC942}") = "util", "..\util\util.vcproj", "{D8B64AC5-8DB1-4FD2-8B2B-AA79A5BDA92A}"
EndProject
Project("{8BC9CEB8-8B4A-11D0-8D11-00A0C91BC942}") = "Window", "..\Window\Window.vcproj", "{A8AA3434-533D-48A3-AF0D-F8F39E51A915}"
	ProjectSection(ProjectDependencies) = postProject
		{D8B64AC5-8DB1-4FD2-8B2B-AA79A5BDA92A} = {D8B64AC5-8DB1-4FD2-8B2B-AA79A5BDA92A}
	EndProjectSection
EndProject
Project("{8BC9CEB8-8B4A-11D0-8D11-00A0C91BC942}") = "Input", "..\Input\Input.vcproj", "{A448B900-3D88-412B-B877-DBDBBB669EDF}"
	ProjectSection(ProjectDependencies) = postProject
		{D8B64AC5-8DB1-4FD2-8B2B-AA79A5BDA92A} = {D8B64AC5-8DB1-4FD2-8B2B-AA79A5BDA92A}
	EndProjectSection
EndProject
Project("{8BC9CEB8-8B4A-11D0-8D11-00A0C91BC942}") = "DXUT", "..\DXUT\DXUT.vcproj", "{86F1F53F-4875-4952-8A61-AB4DFD0985A6}"
EndProject
Project("{8BC9CEB8-8B4A-11D0-8D11-00A0C91BC942}") = "TextureLoader", "..\TextureLoader\TextureLoader.vcproj", "{8B713E30-0E5C-4AE5-9567-AC5E906FBB66}"
	ProjectSection(ProjectDependencies) = postProject
		{D8B64AC5-8DB1-4FD2-8B2B-AA79A5BDA92A} = {D8B64AC5-8DB1-4FD2-8B2B-AA79A5BDA92A}
	EndProjectSection
EndProject
Project("{8BC9CEB8-8B4A-11D0-8D11-00A0C91BC942}") = "PngLoader", "..\PngLoader\PngLoader.vcproj", "{2E6FF54D-10C5-4C45-B655-1FC0C26C7AE3}"
	ProjectSection(ProjectDependencies) = postProject
		{00473014-1114-46AF-A3BC-40D14ECF9501} = {00473014-1114-46AF-A3BC-40D14ECF9501}
		{D8B64AC5-8DB1-4FD2-8B2B-AA79A5BDA92A} = {D8B64AC5-8DB1-4FD2-8B2B-AA79A5BDA92A}
	EndProjectSection
EndProject
Project("{8BC9CEB8-8B4A-11D0-8D11-00A0C91BC942}") = "BaseVector", "..\BaseVector\BaseVector.vcproj", "{63FF97E8-92B7-4F14-A97E-5941CDA5892B}"
EndProject
Project("{8BC9CEB8-8B4A-11D0-8D11-00A0C91BC942}") = "LinkageList", "..\LinkageList\LinkageList.vcproj", "{EDA7CA89-47AC-4A5D-8D70-105F2467A270}"
	ProjectSection(ProjectDependencies) = postProject
		{D8B64AC5-8DB1-4FD2-8B2B-AA79A5BDA92A} = {D8B64AC5-8DB1-4FD2-8B2B-AA79A5BDA92A}
	EndProjectSection
EndProject
Project("{8BC9CEB8-8B4A-11D0-8D11-00A0C91BC942}") = "SoundLib", "..\SoundLib\SoundLib.vcproj", "{71E1F728-8D70-4ED3-9577-630B8D59184F}"
EndProject
Project("{8BC9CEB8-8B4A-11D0-8D11-00A0C91BC942}") = "LuaHelper", "..\LuaHelper\LuaHelper.vcproj", "{0CE12956-75CD-4878-AF34-771EF39174AB}"
EndProject
Project("{8BC9CEB8-8B4A-11D0-8D11-00A0C91BC942}") = "CArchiver", "..\CArchiver\CArchiver.vcproj", "{F00F0BDD-AB8D-4019-80C7-58AFF6C9F753}"
	ProjectSection(ProjectDependencies) = postProject
		{D8B64AC5-8DB1-4FD2-8B2B-AA79A5BDA92A} = {D8B64AC5-8DB1-4FD2-8B2B-AA79A5BDA92A}
	EndProjectSection
EndProject
Project("{8BC9CEB8-8B4A-11D0-8D11-00A0C91BC942}") = "PacketHelper", "..\PacketHelper\PacketHelper.vcproj", "{2A2057A8-789A-4824-A073-5A5869B25FB1}"
EndProject
Project("{8BC9CEB8-8B4A-11D0-8D11-00A0C91BC942}") = "IniFile", "..\IniFile\IniFile.vcproj", "{DE6507E9-7FED-4487-9FF9-B257DEBB079D}"
EndProject
Project("{8BC9CEB8-8B4A-11D0-8D11-00A0C91BC942}") = "Filer", "..\Filer\Filer.vcproj", "{00473014-1114-46AF-A3BC-40D14ECF9501}"
EndProject
Global
	GlobalSection(SolutionConfigurationPlatforms) = preSolution
		Debug_MB|Win32 = Debug_MB|Win32
		Debug_Unicode|Win32 = Debug_Unicode|Win32
		Debug|Win32 = Debug|Win32
		IniFile_Debug_MB|Win32 = IniFile_Debug_MB|Win32
		IniFile_Debug_U|Win32 = IniFile_Debug_U|Win32
		IniFile_Release_MB|Win32 = IniFile_Release_MB|Win32
		IniFile|Win32 = IniFile|Win32
		Release_MB|Win32 = Release_MB|Win32
		Release_Unicode|Win32 = Release_Unicode|Win32
		Release|Win32 = Release|Win32
	EndGlobalSection
	GlobalSection(ProjectConfigurationPlatforms) = postSolution
		{D8B64AC5-8DB1-4FD2-8B2B-AA79A5BDA92A}.Debug_MB|Win32.ActiveCfg = Debug_mb|Win32
		{D8B64AC5-8DB1-4FD2-8B2B-AA79A5BDA92A}.Debug_MB|Win32.Build.0 = Debug_mb|Win32
		{D8B64AC5-8DB1-4FD2-8B2B-AA79A5BDA92A}.Debug_Unicode|Win32.ActiveCfg = Debug|Win32
		{D8B64AC5-8DB1-4FD2-8B2B-AA79A5BDA92A}.Debug_Unicode|Win32.Build.0 = Debug|Win32
		{D8B64AC5-8DB1-4FD2-8B2B-AA79A5BDA92A}.Debug|Win32.ActiveCfg = Debug|Win32
		{D8B64AC5-8DB1-4FD2-8B2B-AA79A5BDA92A}.Debug|Win32.Build.0 = Debug|Win32
		{D8B64AC5-8DB1-4FD2-8B2B-AA79A5BDA92A}.IniFile_Debug_MB|Win32.ActiveCfg = Debug|Win32
		{D8B64AC5-8DB1-4FD2-8B2B-AA79A5BDA92A}.IniFile_Debug_MB|Win32.Build.0 = Debug|Win32
		{D8B64AC5-8DB1-4FD2-8B2B-AA79A5BDA92A}.IniFile_Debug_U|Win32.ActiveCfg = Debug|Win32
		{D8B64AC5-8DB1-4FD2-8B2B-AA79A5BDA92A}.IniFile_Debug_U|Win32.Build.0 = Debug|Win32
		{D8B64AC5-8DB1-4FD2-8B2B-AA79A5BDA92A}.IniFile_Release_MB|Win32.ActiveCfg = Release|Win32
		{D8B64AC5-8DB1-4FD2-8B2B-AA79A5BDA92A}.IniFile_Release_MB|Win32.Build.0 = Release|Win32
		{D8B64AC5-8DB1-4FD2-8B2B-AA79A5BDA92A}.IniFile|Win32.ActiveCfg = Release|Win32
		{D8B64AC5-8DB1-4FD2-8B2B-AA79A5BDA92A}.IniFile|Win32.Build.0 = Release|Win32
		{D8B64AC5-8DB1-4FD2-8B2B-AA79A5BDA92A}.Release_MB|Win32.ActiveCfg = Release_mb|Win32
		{D8B64AC5-8DB1-4FD2-8B2B-AA79A5BDA92A}.Release_MB|Win32.Build.0 = Release_mb|Win32
		{D8B64AC5-8DB1-4FD2-8B2B-AA79A5BDA92A}.Release_Unicode|Win32.ActiveCfg = Release|Win32
		{D8B64AC5-8DB1-4FD2-8B2B-AA79A5BDA92A}.Release_Unicode|Win32.Build.0 = Release|Win32
		{D8B64AC5-8DB1-4FD2-8B2B-AA79A5BDA92A}.Release|Win32.ActiveCfg = Release|Win32
		{D8B64AC5-8DB1-4FD2-8B2B-AA79A5BDA92A}.Release|Win32.Build.0 = Release|Win32
		{A8AA3434-533D-48A3-AF0D-F8F39E51A915}.Debug_MB|Win32.ActiveCfg = Debug|Win32
		{A8AA3434-533D-48A3-AF0D-F8F39E51A915}.Debug_MB|Win32.Build.0 = Debug|Win32
		{A8AA3434-533D-48A3-AF0D-F8F39E51A915}.Debug_Unicode|Win32.ActiveCfg = Debug|Win32
		{A8AA3434-533D-48A3-AF0D-F8F39E51A915}.Debug_Unicode|Win32.Build.0 = Debug|Win32
		{A8AA3434-533D-48A3-AF0D-F8F39E51A915}.Debug|Win32.ActiveCfg = Debug|Win32
		{A8AA3434-533D-48A3-AF0D-F8F39E51A915}.Debug|Win32.Build.0 = Debug|Win32
		{A8AA3434-533D-48A3-AF0D-F8F39E51A915}.IniFile_Debug_MB|Win32.ActiveCfg = Debug|Win32
		{A8AA3434-533D-48A3-AF0D-F8F39E51A915}.IniFile_Debug_MB|Win32.Build.0 = Debug|Win32
		{A8AA3434-533D-48A3-AF0D-F8F39E51A915}.IniFile_Debug_U|Win32.ActiveCfg = Debug|Win32
		{A8AA3434-533D-48A3-AF0D-F8F39E51A915}.IniFile_Debug_U|Win32.Build.0 = Debug|Win32
		{A8AA3434-533D-48A3-AF0D-F8F39E51A915}.IniFile_Release_MB|Win32.ActiveCfg = Release|Win32
		{A8AA3434-533D-48A3-AF0D-F8F39E51A915}.IniFile_Release_MB|Win32.Build.0 = Release|Win32
		{A8AA3434-533D-48A3-AF0D-F8F39E51A915}.IniFile|Win32.ActiveCfg = Release|Win32
		{A8AA3434-533D-48A3-AF0D-F8F39E51A915}.IniFile|Win32.Build.0 = Release|Win32
		{A8AA3434-533D-48A3-AF0D-F8F39E51A915}.Release_MB|Win32.ActiveCfg = Release|Win32
		{A8AA3434-533D-48A3-AF0D-F8F39E51A915}.Release_MB|Win32.Build.0 = Release|Win32
		{A8AA3434-533D-48A3-AF0D-F8F39E51A915}.Release_Unicode|Win32.ActiveCfg = Release|Win32
		{A8AA3434-533D-48A3-AF0D-F8F39E51A915}.Release_Unicode|Win32.Build.0 = Release|Win32
		{A8AA3434-533D-48A3-AF0D-F8F39E51A915}.Release|Win32.ActiveCfg = Release|Win32
		{A8AA3434-533D-48A3-AF0D-F8F39E51A915}.Release|Win32.Build.0 = Release|Win32
		{A448B900-3D88-412B-B877-DBDBBB669EDF}.Debug_MB|Win32.ActiveCfg = Debug|Win32
		{A448B900-3D88-412B-B877-DBDBBB669EDF}.Debug_MB|Win32.Build.0 = Debug|Win32
		{A448B900-3D88-412B-B877-DBDBBB669EDF}.Debug_Unicode|Win32.ActiveCfg = Debug|Win32
		{A448B900-3D88-412B-B877-DBDBBB669EDF}.Debug_Unicode|Win32.Build.0 = Debug|Win32
		{A448B900-3D88-412B-B877-DBDBBB669EDF}.Debug|Win32.ActiveCfg = Debug|Win32
		{A448B900-3D88-412B-B877-DBDBBB669EDF}.Debug|Win32.Build.0 = Debug|Win32
		{A448B900-3D88-412B-B877-DBDBBB669EDF}.IniFile_Debug_MB|Win32.ActiveCfg = Debug|Win32
		{A448B900-3D88-412B-B877-DBDBBB669EDF}.IniFile_Debug_MB|Win32.Build.0 = Debug|Win32
		{A448B900-3D88-412B-B877-DBDBBB669EDF}.IniFile_Debug_U|Win32.ActiveCfg = Debug|Win32
		{A448B900-3D88-412B-B877-DBDBBB669EDF}.IniFile_Debug_U|Win32.Build.0 = Debug|Win32
		{A448B900-3D88-412B-B877-DBDBBB669EDF}.IniFile_Release_MB|Win32.ActiveCfg = Release|Win32
		{A448B900-3D88-412B-B877-DBDBBB669EDF}.IniFile_Release_MB|Win32.Build.0 = Release|Win32
		{A448B900-3D88-412B-B877-DBDBBB669EDF}.IniFile|Win32.ActiveCfg = Release|Win32
		{A448B900-3D88-412B-B877-DBDBBB669EDF}.IniFile|Win32.Build.0 = Release|Win32
		{A448B900-3D88-412B-B877-DBDBBB669EDF}.Release_MB|Win32.ActiveCfg = Release|Win32
		{A448B900-3D88-412B-B877-DBDBBB669EDF}.Release_MB|Win32.Build.0 = Release|Win32
		{A448B900-3D88-412B-B877-DBDBBB669EDF}.Release_Unicode|Win32.ActiveCfg = Release|Win32
		{A448B900-3D88-412B-B877-DBDBBB669EDF}.Release_Unicode|Win32.Build.0 = Release|Win32
		{A448B900-3D88-412B-B877-DBDBBB669EDF}.Release|Win32.ActiveCfg = Release|Win32
		{A448B900-3D88-412B-B877-DBDBBB669EDF}.Release|Win32.Build.0 = Release|Win32
		{86F1F53F-4875-4952-8A61-AB4DFD0985A6}.Debug_MB|Win32.ActiveCfg = Debug|Win32
		{86F1F53F-4875-4952-8A61-AB4DFD0985A6}.Debug_MB|Win32.Build.0 = Debug|Win32
		{86F1F53F-4875-4952-8A61-AB4DFD0985A6}.Debug_Unicode|Win32.ActiveCfg = Debug|Win32
		{86F1F53F-4875-4952-8A61-AB4DFD0985A6}.Debug_Unicode|Win32.Build.0 = Debug|Win32
		{86F1F53F-4875-4952-8A61-AB4DFD0985A6}.Debug|Win32.ActiveCfg = Debug|Win32
		{86F1F53F-4875-4952-8A61-AB4DFD0985A6}.Debug|Win32.Build.0 = Debug|Win32
		{86F1F53F-4875-4952-8A61-AB4DFD0985A6}.IniFile_Debug_MB|Win32.ActiveCfg = Debug|Win32
		{86F1F53F-4875-4952-8A61-AB4DFD0985A6}.IniFile_Debug_MB|Win32.Build.0 = Debug|Win32
		{86F1F53F-4875-4952-8A61-AB4DFD0985A6}.IniFile_Debug_U|Win32.ActiveCfg = Debug|Win32
		{86F1F53F-4875-4952-8A61-AB4DFD0985A6}.IniFile_Debug_U|Win32.Build.0 = Debug|Win32
		{86F1F53F-4875-4952-8A61-AB4DFD0985A6}.IniFile_Release_MB|Win32.ActiveCfg = Release|Win32
		{86F1F53F-4875-4952-8A61-AB4DFD0985A6}.IniFile_Release_MB|Win32.Build.0 = Release|Win32
		{86F1F53F-4875-4952-8A61-AB4DFD0985A6}.IniFile|Win32.ActiveCfg = Release|Win32
		{86F1F53F-4875-4952-8A61-AB4DFD0985A6}.IniFile|Win32.Build.0 = Release|Win32
		{86F1F53F-4875-4952-8A61-AB4DFD0985A6}.Release_MB|Win32.ActiveCfg = Release|Win32
		{86F1F53F-4875-4952-8A61-AB4DFD0985A6}.Release_MB|Win32.Build.0 = Release|Win32
		{86F1F53F-4875-4952-8A61-AB4DFD0985A6}.Release_Unicode|Win32.ActiveCfg = Release|Win32
		{86F1F53F-4875-4952-8A61-AB4DFD0985A6}.Release_Unicode|Win32.Build.0 = Release|Win32
		{86F1F53F-4875-4952-8A61-AB4DFD0985A6}.Release|Win32.ActiveCfg = Release|Win32
		{86F1F53F-4875-4952-8A61-AB4DFD0985A6}.Release|Win32.Build.0 = Release|Win32
		{8B713E30-0E5C-4AE5-9567-AC5E906FBB66}.Debug_MB|Win32.ActiveCfg = Debug|Win32
		{8B713E30-0E5C-4AE5-9567-AC5E906FBB66}.Debug_MB|Win32.Build.0 = Debug|Win32
		{8B713E30-0E5C-4AE5-9567-AC5E906FBB66}.Debug_Unicode|Win32.ActiveCfg = Debug|Win32
		{8B713E30-0E5C-4AE5-9567-AC5E906FBB66}.Debug_Unicode|Win32.Build.0 = Debug|Win32
		{8B713E30-0E5C-4AE5-9567-AC5E906FBB66}.Debug|Win32.ActiveCfg = Debug|Win32
		{8B713E30-0E5C-4AE5-9567-AC5E906FBB66}.Debug|Win32.Build.0 = Debug|Win32
		{8B713E30-0E5C-4AE5-9567-AC5E906FBB66}.IniFile_Debug_MB|Win32.ActiveCfg = Debug|Win32
		{8B713E30-0E5C-4AE5-9567-AC5E906FBB66}.IniFile_Debug_MB|Win32.Build.0 = Debug|Win32
		{8B713E30-0E5C-4AE5-9567-AC5E906FBB66}.IniFile_Debug_U|Win32.ActiveCfg = Debug|Win32
		{8B713E30-0E5C-4AE5-9567-AC5E906FBB66}.IniFile_Debug_U|Win32.Build.0 = Debug|Win32
		{8B713E30-0E5C-4AE5-9567-AC5E906FBB66}.IniFile_Release_MB|Win32.ActiveCfg = Release|Win32
		{8B713E30-0E5C-4AE5-9567-AC5E906FBB66}.IniFile_Release_MB|Win32.Build.0 = Release|Win32
		{8B713E30-0E5C-4AE5-9567-AC5E906FBB66}.IniFile|Win32.ActiveCfg = Release|Win32
		{8B713E30-0E5C-4AE5-9567-AC5E906FBB66}.IniFile|Win32.Build.0 = Release|Win32
		{8B713E30-0E5C-4AE5-9567-AC5E906FBB66}.Release_MB|Win32.ActiveCfg = Release|Win32
		{8B713E30-0E5C-4AE5-9567-AC5E906FBB66}.Release_MB|Win32.Build.0 = Release|Win32
		{8B713E30-0E5C-4AE5-9567-AC5E906FBB66}.Release_Unicode|Win32.ActiveCfg = Release|Win32
		{8B713E30-0E5C-4AE5-9567-AC5E906FBB66}.Release_Unicode|Win32.Build.0 = Release|Win32
		{8B713E30-0E5C-4AE5-9567-AC5E906FBB66}.Release|Win32.ActiveCfg = Release|Win32
		{8B713E30-0E5C-4AE5-9567-AC5E906FBB66}.Release|Win32.Build.0 = Release|Win32
		{2E6FF54D-10C5-4C45-B655-1FC0C26C7AE3}.Debug_MB|Win32.ActiveCfg = Debug|Win32
		{2E6FF54D-10C5-4C45-B655-1FC0C26C7AE3}.Debug_MB|Win32.Build.0 = Debug|Win32
		{2E6FF54D-10C5-4C45-B655-1FC0C26C7AE3}.Debug_Unicode|Win32.ActiveCfg = Debug|Win32
		{2E6FF54D-10C5-4C45-B655-1FC0C26C7AE3}.Debug_Unicode|Win32.Build.0 = Debug|Win32
		{2E6FF54D-10C5-4C45-B655-1FC0C26C7AE3}.Debug|Win32.ActiveCfg = Debug|Win32
		{2E6FF54D-10C5-4C45-B655-1FC0C26C7AE3}.Debug|Win32.Build.0 = Debug|Win32
		{2E6FF54D-10C5-4C45-B655-1FC0C26C7AE3}.IniFile_Debug_MB|Win32.ActiveCfg = Debug|Win32
		{2E6FF54D-10C5-4C45-B655-1FC0C26C7AE3}.IniFile_Debug_MB|Win32.Build.0 = Debug|Win32
		{2E6FF54D-10C5-4C45-B655-1FC0C26C7AE3}.IniFile_Debug_U|Win32.ActiveCfg = Debug|Win32
		{2E6FF54D-10C5-4C45-B655-1FC0C26C7AE3}.IniFile_Debug_U|Win32.Build.0 = Debug|Win32
		{2E6FF54D-10C5-4C45-B655-1FC0C26C7AE3}.IniFile_Release_MB|Win32.ActiveCfg = Release|Win32
		{2E6FF54D-10C5-4C45-B655-1FC0C26C7AE3}.IniFile_Release_MB|Win32.Build.0 = Release|Win32
		{2E6FF54D-10C5-4C45-B655-1FC0C26C7AE3}.IniFile|Win32.ActiveCfg = Release|Win32
		{2E6FF54D-10C5-4C45-B655-1FC0C26C7AE3}.IniFile|Win32.Build.0 = Release|Win32
		{2E6FF54D-10C5-4C45-B655-1FC0C26C7AE3}.Release_MB|Win32.ActiveCfg = Release|Win32
		{2E6FF54D-10C5-4C45-B655-1FC0C26C7AE3}.Release_MB|Win32.Build.0 = Release|Win32
		{2E6FF54D-10C5-4C45-B655-1FC0C26C7AE3}.Release_Unicode|Win32.ActiveCfg = Release|Win32
		{2E6FF54D-10C5-4C45-B655-1FC0C26C7AE3}.Release_Unicode|Win32.Build.0 = Release|Win32
		{2E6FF54D-10C5-4C45-B655-1FC0C26C7AE3}.Release|Win32.ActiveCfg = Release|Win32
		{2E6FF54D-10C5-4C45-B655-1FC0C26C7AE3}.Release|Win32.Build.0 = Release|Win32
		{63FF97E8-92B7-4F14-A97E-5941CDA5892B}.Debug_MB|Win32.ActiveCfg = Debug|Win32
		{63FF97E8-92B7-4F14-A97E-5941CDA5892B}.Debug_MB|Win32.Build.0 = Debug|Win32
		{63FF97E8-92B7-4F14-A97E-5941CDA5892B}.Debug_Unicode|Win32.ActiveCfg = Debug|Win32
		{63FF97E8-92B7-4F14-A97E-5941CDA5892B}.Debug_Unicode|Win32.Build.0 = Debug|Win32
		{63FF97E8-92B7-4F14-A97E-5941CDA5892B}.Debug|Win32.ActiveCfg = Debug|Win32
		{63FF97E8-92B7-4F14-A97E-5941CDA5892B}.Debug|Win32.Build.0 = Debug|Win32
		{63FF97E8-92B7-4F14-A97E-5941CDA5892B}.IniFile_Debug_MB|Win32.ActiveCfg = Debug|Win32
		{63FF97E8-92B7-4F14-A97E-5941CDA5892B}.IniFile_Debug_MB|Win32.Build.0 = Debug|Win32
		{63FF97E8-92B7-4F14-A97E-5941CDA5892B}.IniFile_Debug_U|Win32.ActiveCfg = Debug|Win32
		{63FF97E8-92B7-4F14-A97E-5941CDA5892B}.IniFile_Debug_U|Win32.Build.0 = Debug|Win32
		{63FF97E8-92B7-4F14-A97E-5941CDA5892B}.IniFile_Release_MB|Win32.ActiveCfg = Release|Win32
		{63FF97E8-92B7-4F14-A97E-5941CDA5892B}.IniFile_Release_MB|Win32.Build.0 = Release|Win32
		{63FF97E8-92B7-4F14-A97E-5941CDA5892B}.IniFile|Win32.ActiveCfg = Release|Win32
		{63FF97E8-92B7-4F14-A97E-5941CDA5892B}.IniFile|Win32.Build.0 = Release|Win32
		{63FF97E8-92B7-4F14-A97E-5941CDA5892B}.Release_MB|Win32.ActiveCfg = Release|Win32
		{63FF97E8-92B7-4F14-A97E-5941CDA5892B}.Release_MB|Win32.Build.0 = Release|Win32
		{63FF97E8-92B7-4F14-A97E-5941CDA5892B}.Release_Unicode|Win32.ActiveCfg = Release|Win32
		{63FF97E8-92B7-4F14-A97E-5941CDA5892B}.Release_Unicode|Win32.Build.0 = Release|Win32
		{63FF97E8-92B7-4F14-A97E-5941CDA5892B}.Release|Win32.ActiveCfg = Release|Win32
		{63FF97E8-92B7-4F14-A97E-5941CDA5892B}.Release|Win32.Build.0 = Release|Win32
		{EDA7CA89-47AC-4A5D-8D70-105F2467A270}.Debug_MB|Win32.ActiveCfg = Debug|Win32
		{EDA7CA89-47AC-4A5D-8D70-105F2467A270}.Debug_MB|Win32.Build.0 = Debug|Win32
		{EDA7CA89-47AC-4A5D-8D70-105F2467A270}.Debug_Unicode|Win32.ActiveCfg = Debug|Win32
		{EDA7CA89-47AC-4A5D-8D70-105F2467A270}.Debug_Unicode|Win32.Build.0 = Debug|Win32
		{EDA7CA89-47AC-4A5D-8D70-105F2467A270}.Debug|Win32.ActiveCfg = Debug|Win32
		{EDA7CA89-47AC-4A5D-8D70-105F2467A270}.Debug|Win32.Build.0 = Debug|Win32
		{EDA7CA89-47AC-4A5D-8D70-105F2467A270}.IniFile_Debug_MB|Win32.ActiveCfg = Debug|Win32
		{EDA7CA89-47AC-4A5D-8D70-105F2467A270}.IniFile_Debug_MB|Win32.Build.0 = Debug|Win32
		{EDA7CA89-47AC-4A5D-8D70-105F2467A270}.IniFile_Debug_U|Win32.ActiveCfg = Debug|Win32
		{EDA7CA89-47AC-4A5D-8D70-105F2467A270}.IniFile_Debug_U|Win32.Build.0 = Debug|Win32
		{EDA7CA89-47AC-4A5D-8D70-105F2467A270}.IniFile_Release_MB|Win32.ActiveCfg = Release|Win32
		{EDA7CA89-47AC-4A5D-8D70-105F2467A270}.IniFile_Release_MB|Win32.Build.0 = Release|Win32
		{EDA7CA89-47AC-4A5D-8D70-105F2467A270}.IniFile|Win32.ActiveCfg = Release|Win32
		{EDA7CA89-47AC-4A5D-8D70-105F2467A270}.IniFile|Win32.Build.0 = Release|Win32
		{EDA7CA89-47AC-4A5D-8D70-105F2467A270}.Release_MB|Win32.ActiveCfg = Release|Win32
		{EDA7CA89-47AC-4A5D-8D70-105F2467A270}.Release_MB|Win32.Build.0 = Release|Win32
		{EDA7CA89-47AC-4A5D-8D70-105F2467A270}.Release_Unicode|Win32.ActiveCfg = Release|Win32
		{EDA7CA89-47AC-4A5D-8D70-105F2467A270}.Release_Unicode|Win32.Build.0 = Release|Win32
		{EDA7CA89-47AC-4A5D-8D70-105F2467A270}.Release|Win32.ActiveCfg = Release|Win32
		{EDA7CA89-47AC-4A5D-8D70-105F2467A270}.Release|Win32.Build.0 = Release|Win32
		{71E1F728-8D70-4ED3-9577-630B8D59184F}.Debug_MB|Win32.ActiveCfg = Debug|Win32
		{71E1F728-8D70-4ED3-9577-630B8D59184F}.Debug_MB|Win32.Build.0 = Debug|Win32
		{71E1F728-8D70-4ED3-9577-630B8D59184F}.Debug_Unicode|Win32.ActiveCfg = Debug|Win32
		{71E1F728-8D70-4ED3-9577-630B8D59184F}.Debug_Unicode|Win32.Build.0 = Debug|Win32
		{71E1F728-8D70-4ED3-9577-630B8D59184F}.Debug|Win32.ActiveCfg = Debug|Win32
		{71E1F728-8D70-4ED3-9577-630B8D59184F}.Debug|Win32.Build.0 = Debug|Win32
		{71E1F728-8D70-4ED3-9577-630B8D59184F}.IniFile_Debug_MB|Win32.ActiveCfg = Debug|Win32
		{71E1F728-8D70-4ED3-9577-630B8D59184F}.IniFile_Debug_MB|Win32.Build.0 = Debug|Win32
		{71E1F728-8D70-4ED3-9577-630B8D59184F}.IniFile_Debug_U|Win32.ActiveCfg = Debug|Win32
		{71E1F728-8D70-4ED3-9577-630B8D59184F}.IniFile_Debug_U|Win32.Build.0 = Debug|Win32
		{71E1F728-8D70-4ED3-9577-630B8D59184F}.IniFile_Release_MB|Win32.ActiveCfg = Release|Win32
		{71E1F728-8D70-4ED3-9577-630B8D59184F}.IniFile_Release_MB|Win32.Build.0 = Release|Win32
		{71E1F728-8D70-4ED3-9577-630B8D59184F}.IniFile|Win32.ActiveCfg = Release|Win32
		{71E1F728-8D70-4ED3-9577-630B8D59184F}.IniFile|Win32.Build.0 = Release|Win32
		{71E1F728-8D70-4ED3-9577-630B8D59184F}.Release_MB|Win32.ActiveCfg = Release|Win32
		{71E1F728-8D70-4ED3-9577-630B8D59184F}.Release_MB|Win32.Build.0 = Release|Win32
		{71E1F728-8D70-4ED3-9577-630B8D59184F}.Release_Unicode|Win32.ActiveCfg = Release|Win32
		{71E1F728-8D70-4ED3-9577-630B8D59184F}.Release_Unicode|Win32.Build.0 = Release|Win32
		{71E1F728-8D70-4ED3-9577-630B8D59184F}.Release|Win32.ActiveCfg = Release|Win32
		{71E1F728-8D70-4ED3-9577-630B8D59184F}.Release|Win32.Build.0 = Release|Win32
		{0CE12956-75CD-4878-AF34-771EF39174AB}.Debug_MB|Win32.ActiveCfg = Debug_Unicode|Win32
		{0CE12956-75CD-4878-AF34-771EF39174AB}.Debug_MB|Win32.Build.0 = Debug_Unicode|Win32
		{0CE12956-75CD-4878-AF34-771EF39174AB}.Debug_Unicode|Win32.ActiveCfg = Debug|Win32
		{0CE12956-75CD-4878-AF34-771EF39174AB}.Debug_Unicode|Win32.Build.0 = Debug|Win32
		{0CE12956-75CD-4878-AF34-771EF39174AB}.Debug|Win32.ActiveCfg = Debug|Win32
		{0CE12956-75CD-4878-AF34-771EF39174AB}.Debug|Win32.Build.0 = Debug|Win32
		{0CE12956-75CD-4878-AF34-771EF39174AB}.IniFile_Debug_MB|Win32.ActiveCfg = Debug|Win32
		{0CE12956-75CD-4878-AF34-771EF39174AB}.IniFile_Debug_MB|Win32.Build.0 = Debug|Win32
		{0CE12956-75CD-4878-AF34-771EF39174AB}.IniFile_Debug_U|Win32.ActiveCfg = Debug|Win32
		{0CE12956-75CD-4878-AF34-771EF39174AB}.IniFile_Debug_U|Win32.Build.0 = Debug|Win32
		{0CE12956-75CD-4878-AF34-771EF39174AB}.IniFile_Release_MB|Win32.ActiveCfg = Release|Win32
		{0CE12956-75CD-4878-AF34-771EF39174AB}.IniFile_Release_MB|Win32.Build.0 = Release|Win32
		{0CE12956-75CD-4878-AF34-771EF39174AB}.IniFile|Win32.ActiveCfg = Release_Unicode|Win32
		{0CE12956-75CD-4878-AF34-771EF39174AB}.IniFile|Win32.Build.0 = Release_Unicode|Win32
		{0CE12956-75CD-4878-AF34-771EF39174AB}.Release_MB|Win32.ActiveCfg = Release_Unicode|Win32
		{0CE12956-75CD-4878-AF34-771EF39174AB}.Release_MB|Win32.Build.0 = Release_Unicode|Win32
		{0CE12956-75CD-4878-AF34-771EF39174AB}.Release_Unicode|Win32.ActiveCfg = Release_Unicode|Win32
		{0CE12956-75CD-4878-AF34-771EF39174AB}.Release_Unicode|Win32.Build.0 = Release_Unicode|Win32
		{0CE12956-75CD-4878-AF34-771EF39174AB}.Release|Win32.ActiveCfg = Release|Win32
		{0CE12956-75CD-4878-AF34-771EF39174AB}.Release|Win32.Build.0 = Release|Win32
		{F00F0BDD-AB8D-4019-80C7-58AFF6C9F753}.Debug_MB|Win32.ActiveCfg = Debug|Win32
		{F00F0BDD-AB8D-4019-80C7-58AFF6C9F753}.Debug_MB|Win32.Build.0 = Debug|Win32
		{F00F0BDD-AB8D-4019-80C7-58AFF6C9F753}.Debug_Unicode|Win32.ActiveCfg = Debug|Win32
		{F00F0BDD-AB8D-4019-80C7-58AFF6C9F753}.Debug_Unicode|Win32.Build.0 = Debug|Win32
		{F00F0BDD-AB8D-4019-80C7-58AFF6C9F753}.Debug|Win32.ActiveCfg = Debug|Win32
		{F00F0BDD-AB8D-4019-80C7-58AFF6C9F753}.Debug|Win32.Build.0 = Debug|Win32
		{F00F0BDD-AB8D-4019-80C7-58AFF6C9F753}.IniFile_Debug_MB|Win32.ActiveCfg = Debug|Win32
		{F00F0BDD-AB8D-4019-80C7-58AFF6C9F753}.IniFile_Debug_MB|Win32.Build.0 = Debug|Win32
		{F00F0BDD-AB8D-4019-80C7-58AFF6C9F753}.IniFile_Debug_U|Win32.ActiveCfg = Debug|Win32
		{F00F0BDD-AB8D-4019-80C7-58AFF6C9F753}.IniFile_Debug_U|Win32.Build.0 = Debug|Win32
		{F00F0BDD-AB8D-4019-80C7-58AFF6C9F753}.IniFile_Release_MB|Win32.ActiveCfg = Release|Win32
		{F00F0BDD-AB8D-4019-80C7-58AFF6C9F753}.IniFile_Release_MB|Win32.Build.0 = Release|Win32
		{F00F0BDD-AB8D-4019-80C7-58AFF6C9F753}.IniFile|Win32.ActiveCfg = Release|Win32
		{F00F0BDD-AB8D-4019-80C7-58AFF6C9F753}.IniFile|Win32.Build.0 = Release|Win32
		{F00F0BDD-AB8D-4019-80C7-58AFF6C9F753}.Release_MB|Win32.ActiveCfg = Release|Win32
		{F00F0BDD-AB8D-4019-80C7-58AFF6C9F753}.Release_MB|Win32.Build.0 = Release|Win32
		{F00F0BDD-AB8D-4019-80C7-58AFF6C9F753}.Release_Unicode|Win32.ActiveCfg = Release|Win32
		{F00F0BDD-AB8D-4019-80C7-58AFF6C9F753}.Release_Unicode|Win32.Build.0 = Release|Win32
		{F00F0BDD-AB8D-4019-80C7-58AFF6C9F753}.Release|Win32.ActiveCfg = Release|Win32
		{F00F0BDD-AB8D-4019-80C7-58AFF6C9F753}.Release|Win32.Build.0 = Release|Win32
		{2A2057A8-789A-4824-A073-5A5869B25FB1}.Debug_MB|Win32.ActiveCfg = Debug|Win32
		{2A2057A8-789A-4824-A073-5A5869B25FB1}.Debug_MB|Win32.Build.0 = Debug|Win32
		{2A2057A8-789A-4824-A073-5A5869B25FB1}.Debug_Unicode|Win32.ActiveCfg = Debug|Win32
		{2A2057A8-789A-4824-A073-5A5869B25FB1}.Debug_Unicode|Win32.Build.0 = Debug|Win32
		{2A2057A8-789A-4824-A073-5A5869B25FB1}.Debug|Win32.ActiveCfg = Debug|Win32
		{2A2057A8-789A-4824-A073-5A5869B25FB1}.Debug|Win32.Build.0 = Debug|Win32
		{2A2057A8-789A-4824-A073-5A5869B25FB1}.IniFile_Debug_MB|Win32.ActiveCfg = Debug|Win32
		{2A2057A8-789A-4824-A073-5A5869B25FB1}.IniFile_Debug_MB|Win32.Build.0 = Debug|Win32
		{2A2057A8-789A-4824-A073-5A5869B25FB1}.IniFile_Debug_U|Win32.ActiveCfg = Debug|Win32
		{2A2057A8-789A-4824-A073-5A5869B25FB1}.IniFile_Debug_U|Win32.Build.0 = Debug|Win32
		{2A2057A8-789A-4824-A073-5A5869B25FB1}.IniFile_Release_MB|Win32.ActiveCfg = Release|Win32
		{2A2057A8-789A-4824-A073-5A5869B25FB1}.IniFile_Release_MB|Win32.Build.0 = Release|Win32
		{2A2057A8-789A-4824-A073-5A5869B25FB1}.IniFile|Win32.ActiveCfg = Release|Win32
		{2A2057A8-789A-4824-A073-5A5869B25FB1}.IniFile|Win32.Build.0 = Release|Win32
		{2A2057A8-789A-4824-A073-5A5869B25FB1}.Release_MB|Win32.ActiveCfg = Release|Win32
		{2A2057A8-789A-4824-A073-5A5869B25FB1}.Release_MB|Win32.Build.0 = Release|Win32
		{2A2057A8-789A-4824-A073-5A5869B25FB1}.Release_Unicode|Win32.ActiveCfg = Release|Win32
		{2A2057A8-789A-4824-A073-5A5869B25FB1}.Release_Unicode|Win32.Build.0 = Release|Win32
		{2A2057A8-789A-4824-A073-5A5869B25FB1}.Release|Win32.ActiveCfg = Release|Win32
		{2A2057A8-789A-4824-A073-5A5869B25FB1}.Release|Win32.Build.0 = Release|Win32
		{DE6507E9-7FED-4487-9FF9-B257DEBB079D}.Debug_MB|Win32.ActiveCfg = Debug_MB|Win32
		{DE6507E9-7FED-4487-9FF9-B257DEBB079D}.Debug_MB|Win32.Build.0 = Debug_MB|Win32
		{DE6507E9-7FED-4487-9FF9-B257DEBB079D}.Debug_Unicode|Win32.ActiveCfg = Debug_MB|Win32
		{DE6507E9-7FED-4487-9FF9-B257DEBB079D}.Debug_Unicode|Win32.Build.0 = Debug_MB|Win32
		{DE6507E9-7FED-4487-9FF9-B257DEBB079D}.Debug|Win32.ActiveCfg = Debug|Win32
		{DE6507E9-7FED-4487-9FF9-B257DEBB079D}.Debug|Win32.Build.0 = Debug|Win32
		{DE6507E9-7FED-4487-9FF9-B257DEBB079D}.IniFile_Debug_MB|Win32.ActiveCfg = Debug_MB|Win32
		{DE6507E9-7FED-4487-9FF9-B257DEBB079D}.IniFile_Debug_MB|Win32.Build.0 = Debug_MB|Win32
		{DE6507E9-7FED-4487-9FF9-B257DEBB079D}.IniFile_Debug_U|Win32.ActiveCfg = Debug|Win32
		{DE6507E9-7FED-4487-9FF9-B257DEBB079D}.IniFile_Debug_U|Win32.Build.0 = Debug|Win32
		{DE6507E9-7FED-4487-9FF9-B257DEBB079D}.IniFile_Release_MB|Win32.ActiveCfg = Release_MB|Win32
		{DE6507E9-7FED-4487-9FF9-B257DEBB079D}.IniFile_Release_MB|Win32.Build.0 = Release_MB|Win32
		{DE6507E9-7FED-4487-9FF9-B257DEBB079D}.IniFile|Win32.ActiveCfg = Debug_MB|Win32
		{DE6507E9-7FED-4487-9FF9-B257DEBB079D}.IniFile|Win32.Build.0 = Debug_MB|Win32
		{DE6507E9-7FED-4487-9FF9-B257DEBB079D}.Release_MB|Win32.ActiveCfg = Release_MB|Win32
		{DE6507E9-7FED-4487-9FF9-B257DEBB079D}.Release_MB|Win32.Build.0 = Release_MB|Win32
		{DE6507E9-7FED-4487-9FF9-B257DEBB079D}.Release_Unicode|Win32.ActiveCfg = Release_MB|Win32
		{DE6507E9-7FED-4487-9FF9-B257DEBB079D}.Release_Unicode|Win32.Build.0 = Release_MB|Win32
		{DE6507E9-7FED-4487-9FF9-B257DEBB079D}.Release|Win32.ActiveCfg = Release|Win32
		{DE6507E9-7FED-4487-9FF9-B257DEBB079D}.Release|Win32.Build.0 = Release|Win32
		{00473014-1114-46AF-A3BC-40D14ECF9501}.Debug_MB|Win32.ActiveCfg = Debug|Win32
		{00473014-1114-46AF-A3BC-40D14ECF9501}.Debug_MB|Win32.Build.0 = Debug|Win32
		{00473014-1114-46AF-A3BC-40D14ECF9501}.Debug_Unicode|Win32.ActiveCfg = Debug|Win32
		{00473014-1114-46AF-A3BC-40D14ECF9501}.Debug_Unicode|Win32.Build.0 = Debug|Win32
		{00473014-1114-46AF-A3BC-40D14ECF9501}.Debug|Win32.ActiveCfg = Debug|Win32
		{00473014-1114-46AF-A3BC-40D14ECF9501}.Debug|Win32.Build.0 = Debug|Win32
		{00473014-1114-46AF-A3BC-40D14ECF9501}.IniFile_Debug_MB|Win32.ActiveCfg = Debug|Win32
		{00473014-1114-46AF-A3BC-40D14ECF9501}.IniFile_Debug_MB|Win32.Build.0 = Debug|Win32
		{00473014-1114-46AF-A3BC-40D14ECF9501}.IniFile_Debug_U|Win32.ActiveCfg = Debug|Win32
		{00473014-1114-46AF-A3BC-40D14ECF9501}.IniFile_Debug_U|Win32.Build.0 = Debug|Win32
		{00473014-1114-46AF-A3BC-40D14ECF9501}.IniFile_Release_MB|Win32.ActiveCfg = Release|Win32
		{00473014-1114-46AF-A3BC-40D14ECF9501}.IniFile_Release_MB|Win32.Build.0 = Release|Win32
		{00473014-1114-46AF-A3BC-40D14ECF9501}.IniFile|Win32.ActiveCfg = Release|Win32
		{00473014-1114-46AF-A3BC-40D14ECF9501}.IniFile|Win32.Build.0 = Release|Win32
		{00473014-1114-46AF-A3BC-40D14ECF9501}.Release_MB|Win32.ActiveCfg = Release|Win32
		{00473014-1114-46AF-A3BC-40D14ECF9501}.Release_MB|Win32.Build.0 = Release|Win32
		{00473014-1114-46AF-A3BC-40D14ECF9501}.Release_Unicode|Win32.ActiveCfg = Release|Win32
		{00473014-1114-46AF-A3BC-40D14ECF9501}.Release_Unicode|Win32.Build.0 = Release|Win32
		{00473014-1114-46AF-A3BC-40D14ECF9501}.Release|Win32.ActiveCfg = Release|Win32
		{00473014-1114-46AF-A3BC-40D14ECF9501}.Release|Win32.Build.0 = Release|Win32
	EndGlobalSection
	GlobalSection(SolutionProperties) = preSolution
		HideSolutionNode = FALSE
	EndGlobalSection
EndGlobal
